
Microsoft Visual Studio Solution File, Format Version 12.00
# Visual Studio Version 17
VisualStudioVersion = 17.11.35327.3
MinimumVisualStudioVersion = 10.0.40219.1
Project("{9A19103F-16F7-4668-BE54-9A1E7A4F7556}") = "2280613193_LeVanPhuc_webdocongnghe", "2280613193_LeVanPhuc_webdocongnghe.csproj", "{9A136041-E7C0-47C0-8F5B-334453145D43}"
EndProject
Global
	GlobalSection(SolutionConfigurationPlatforms) = preSolution
		Debug|Any CPU = Debug|Any CPU
		Release|Any CPU = Release|Any CPU
	EndGlobalSection
	GlobalSection(ProjectConfigurationPlatforms) = postSolution
		{9A136041-E7C0-47C0-8F5B-334453145D43}.Debug|Any CPU.ActiveCfg = Debug|Any CPU
		{9A136041-E7C0-47C0-8F5B-334453145D43}.Debug|Any CPU.Build.0 = Debug|Any CPU
		{9A136041-E7C0-47C0-8F5B-334453145D43}.Release|Any CPU.ActiveCfg = Release|Any CPU
		{9A136041-E7C0-47C0-8F5B-334453145D43}.Release|Any CPU.Build.0 = Release|Any CPU
	EndGlobalSection
	GlobalSection(SolutionProperties) = preSolution
		HideSolutionNode = FALSE
	EndGlobalSection
	GlobalSection(ExtensibilityGlobals) = postSolution
		SolutionGuid = {CF13D975-DBDF-4FAA-ABFD-23F537B28D77}
	EndGlobalSection
EndGlobal
